
Microsoft Visual Studio Solution File, Format Version 12.00
# Visual Studio Version 17
VisualStudioVersion = 17.5.33516.290
MinimumVisualStudioVersion = 10.0.40219.1
Project("{9A19103F-16F7-4668-BE54-9A1E7A4F7556}") = "ViewStockNew", "ViewStockNew\ViewStockNew.csproj", "{C006FF8D-4259-4162-9B1F-B9ED6203DB5C}"
EndProject
Project("{9A19103F-16F7-4668-BE54-9A1E7A4F7556}") = "WebStock", "WebStock\WebStock.csproj", "{372A0245-BA16-4DE5-82AF-8D42A510FFED}"
EndProject
Project("{9A19103F-16F7-4668-BE54-9A1E7A4F7556}") = "WebStockBlazor", "WebStockBlazor\WebStockBlazor.csproj", "{7EE78C64-4316-450C-95F9-049E65244B7C}"
EndProject
Project("{FAE04EC0-301F-11D3-BF4B-00C04F79EFBC}") = "AppStock.Android", "AppStock\AppStock.Android\AppStock.Android.csproj", "{814E46E5-DE52-4BD9-B3BD-B7BA17CA4D73}"
EndProject
Project("{FAE04EC0-301F-11D3-BF4B-00C04F79EFBC}") = "AppStock.iOS", "AppStock\AppStock.iOS\AppStock.iOS.csproj", "{78289E08-EE3C-4C6F-9C81-6DC9C7A85DA0}"
EndProject
Project("{FAE04EC0-301F-11D3-BF4B-00C04F79EFBC}") = "AppStock", "AppStock\AppStock\AppStock.csproj", "{73065E9F-CF80-41D1-9724-DA8F18C14EF2}"
EndProject
Global
	GlobalSection(SolutionConfigurationPlatforms) = preSolution
		Debug|Any CPU = Debug|Any CPU
		Debug|iPhone = Debug|iPhone
		Debug|iPhoneSimulator = Debug|iPhoneSimulator
		Release|Any CPU = Release|Any CPU
		Release|iPhone = Release|iPhone
		Release|iPhoneSimulator = Release|iPhoneSimulator
	EndGlobalSection
	GlobalSection(ProjectConfigurationPlatforms) = postSolution
		{C006FF8D-4259-4162-9B1F-B9ED6203DB5C}.Debug|Any CPU.ActiveCfg = Debug|Any CPU
		{C006FF8D-4259-4162-9B1F-B9ED6203DB5C}.Debug|Any CPU.Build.0 = Debug|Any CPU
		{C006FF8D-4259-4162-9B1F-B9ED6203DB5C}.Debug|iPhone.ActiveCfg = Debug|Any CPU
		{C006FF8D-4259-4162-9B1F-B9ED6203DB5C}.Debug|iPhone.Build.0 = Debug|Any CPU
		{C006FF8D-4259-4162-9B1F-B9ED6203DB5C}.Debug|iPhoneSimulator.ActiveCfg = Debug|Any CPU
		{C006FF8D-4259-4162-9B1F-B9ED6203DB5C}.Debug|iPhoneSimulator.Build.0 = Debug|Any CPU
		{C006FF8D-4259-4162-9B1F-B9ED6203DB5C}.Release|Any CPU.ActiveCfg = Release|Any CPU
		{C006FF8D-4259-4162-9B1F-B9ED6203DB5C}.Release|Any CPU.Build.0 = Release|Any CPU
		{C006FF8D-4259-4162-9B1F-B9ED6203DB5C}.Release|iPhone.ActiveCfg = Release|Any CPU
		{C006FF8D-4259-4162-9B1F-B9ED6203DB5C}.Release|iPhone.Build.0 = Release|Any CPU
		{C006FF8D-4259-4162-9B1F-B9ED6203DB5C}.Release|iPhoneSimulator.ActiveCfg = Release|Any CPU
		{C006FF8D-4259-4162-9B1F-B9ED6203DB5C}.Release|iPhoneSimulator.Build.0 = Release|Any CPU
		{372A0245-BA16-4DE5-82AF-8D42A510FFED}.Debug|Any CPU.ActiveCfg = Debug|Any CPU
		{372A0245-BA16-4DE5-82AF-8D42A510FFED}.Debug|Any CPU.Build.0 = Debug|Any CPU
		{372A0245-BA16-4DE5-82AF-8D42A510FFED}.Debug|iPhone.ActiveCfg = Debug|Any CPU
		{372A0245-BA16-4DE5-82AF-8D42A510FFED}.Debug|iPhone.Build.0 = Debug|Any CPU
		{372A0245-BA16-4DE5-82AF-8D42A510FFED}.Debug|iPhoneSimulator.ActiveCfg = Debug|Any CPU
		{372A0245-BA16-4DE5-82AF-8D42A510FFED}.Debug|iPhoneSimulator.Build.0 = Debug|Any CPU
		{372A0245-BA16-4DE5-82AF-8D42A510FFED}.Release|Any CPU.ActiveCfg = Release|Any CPU
		{372A0245-BA16-4DE5-82AF-8D42A510FFED}.Release|Any CPU.Build.0 = Release|Any CPU
		{372A0245-BA16-4DE5-82AF-8D42A510FFED}.Release|iPhone.ActiveCfg = Release|Any CPU
		{372A0245-BA16-4DE5-82AF-8D42A510FFED}.Release|iPhone.Build.0 = Release|Any CPU
		{372A0245-BA16-4DE5-82AF-8D42A510FFED}.Release|iPhoneSimulator.ActiveCfg = Release|Any CPU
		{372A0245-BA16-4DE5-82AF-8D42A510FFED}.Release|iPhoneSimulator.Build.0 = Release|Any CPU
		{7EE78C64-4316-450C-95F9-049E65244B7C}.Debug|Any CPU.ActiveCfg = Debug|Any CPU
		{7EE78C64-4316-450C-95F9-049E65244B7C}.Debug|Any CPU.Build.0 = Debug|Any CPU
		{7EE78C64-4316-450C-95F9-049E65244B7C}.Debug|iPhone.ActiveCfg = Debug|Any CPU
		{7EE78C64-4316-450C-95F9-049E65244B7C}.Debug|iPhone.Build.0 = Debug|Any CPU
		{7EE78C64-4316-450C-95F9-049E65244B7C}.Debug|iPhoneSimulator.ActiveCfg = Debug|Any CPU
		{7EE78C64-4316-450C-95F9-049E65244B7C}.Debug|iPhoneSimulator.Build.0 = Debug|Any CPU
		{7EE78C64-4316-450C-95F9-049E65244B7C}.Release|Any CPU.ActiveCfg = Release|Any CPU
		{7EE78C64-4316-450C-95F9-049E65244B7C}.Release|Any CPU.Build.0 = Release|Any CPU
		{7EE78C64-4316-450C-95F9-049E65244B7C}.Release|iPhone.ActiveCfg = Release|Any CPU
		{7EE78C64-4316-450C-95F9-049E65244B7C}.Release|iPhone.Build.0 = Release|Any CPU
		{7EE78C64-4316-450C-95F9-049E65244B7C}.Release|iPhoneSimulator.ActiveCfg = Release|Any CPU
		{7EE78C64-4316-450C-95F9-049E65244B7C}.Release|iPhoneSimulator.Build.0 = Release|Any CPU
		{814E46E5-DE52-4BD9-B3BD-B7BA17CA4D73}.Debug|Any CPU.ActiveCfg = Debug|Any CPU
		{814E46E5-DE52-4BD9-B3BD-B7BA17CA4D73}.Debug|Any CPU.Build.0 = Debug|Any CPU
		{814E46E5-DE52-4BD9-B3BD-B7BA17CA4D73}.Debug|Any CPU.Deploy.0 = Debug|Any CPU
		{814E46E5-DE52-4BD9-B3BD-B7BA17CA4D73}.Debug|iPhone.ActiveCfg = Debug|Any CPU
		{814E46E5-DE52-4BD9-B3BD-B7BA17CA4D73}.Debug|iPhone.Build.0 = Debug|Any CPU
		{814E46E5-DE52-4BD9-B3BD-B7BA17CA4D73}.Debug|iPhone.Deploy.0 = Debug|Any CPU
		{814E46E5-DE52-4BD9-B3BD-B7BA17CA4D73}.Debug|iPhoneSimulator.ActiveCfg = Debug|Any CPU
		{814E46E5-DE52-4BD9-B3BD-B7BA17CA4D73}.Debug|iPhoneSimulator.Build.0 = Debug|Any CPU
		{814E46E5-DE52-4BD9-B3BD-B7BA17CA4D73}.Debug|iPhoneSimulator.Deploy.0 = Debug|Any CPU
		{814E46E5-DE52-4BD9-B3BD-B7BA17CA4D73}.Release|Any CPU.ActiveCfg = Release|Any CPU
		{814E46E5-DE52-4BD9-B3BD-B7BA17CA4D73}.Release|Any CPU.Build.0 = Release|Any CPU
		{814E46E5-DE52-4BD9-B3BD-B7BA17CA4D73}.Release|Any CPU.Deploy.0 = Release|Any CPU
		{814E46E5-DE52-4BD9-B3BD-B7BA17CA4D73}.Release|iPhone.ActiveCfg = Release|Any CPU
		{814E46E5-DE52-4BD9-B3BD-B7BA17CA4D73}.Release|iPhone.Build.0 = Release|Any CPU
		{814E46E5-DE52-4BD9-B3BD-B7BA17CA4D73}.Release|iPhone.Deploy.0 = Release|Any CPU
		{814E46E5-DE52-4BD9-B3BD-B7BA17CA4D73}.Release|iPhoneSimulator.ActiveCfg = Release|Any CPU
		{814E46E5-DE52-4BD9-B3BD-B7BA17CA4D73}.Release|iPhoneSimulator.Build.0 = Release|Any CPU
		{814E46E5-DE52-4BD9-B3BD-B7BA17CA4D73}.Release|iPhoneSimulator.Deploy.0 = Release|Any CPU
		{78289E08-EE3C-4C6F-9C81-6DC9C7A85DA0}.Debug|Any CPU.ActiveCfg = Debug|iPhoneSimulator
		{78289E08-EE3C-4C6F-9C81-6DC9C7A85DA0}.Debug|Any CPU.Build.0 = Debug|iPhoneSimulator
		{78289E08-EE3C-4C6F-9C81-6DC9C7A85DA0}.Debug|iPhone.ActiveCfg = Debug|iPhone
		{78289E08-EE3C-4C6F-9C81-6DC9C7A85DA0}.Debug|iPhone.Build.0 = Debug|iPhone
		{78289E08-EE3C-4C6F-9C81-6DC9C7A85DA0}.Debug|iPhoneSimulator.ActiveCfg = Debug|iPhoneSimulator
		{78289E08-EE3C-4C6F-9C81-6DC9C7A85DA0}.Debug|iPhoneSimulator.Build.0 = Debug|iPhoneSimulator
		{78289E08-EE3C-4C6F-9C81-6DC9C7A85DA0}.Release|Any CPU.ActiveCfg = Release|iPhoneSimulator
		{78289E08-EE3C-4C6F-9C81-6DC9C7A85DA0}.Release|Any CPU.Build.0 = Release|iPhoneSimulator
		{78289E08-EE3C-4C6F-9C81-6DC9C7A85DA0}.Release|iPhone.ActiveCfg = Release|iPhone
		{78289E08-EE3C-4C6F-9C81-6DC9C7A85DA0}.Release|iPhone.Build.0 = Release|iPhone
		{78289E08-EE3C-4C6F-9C81-6DC9C7A85DA0}.Release|iPhoneSimulator.ActiveCfg = Release|iPhoneSimulator
		{78289E08-EE3C-4C6F-9C81-6DC9C7A85DA0}.Release|iPhoneSimulator.Build.0 = Release|iPhoneSimulator
		{73065E9F-CF80-41D1-9724-DA8F18C14EF2}.Debug|Any CPU.ActiveCfg = Debug|Any CPU
		{73065E9F-CF80-41D1-9724-DA8F18C14EF2}.Debug|Any CPU.Build.0 = Debug|Any CPU
		{73065E9F-CF80-41D1-9724-DA8F18C14EF2}.Debug|iPhone.ActiveCfg = Debug|Any CPU
		{73065E9F-CF80-41D1-9724-DA8F18C14EF2}.Debug|iPhone.Build.0 = Debug|Any CPU
		{73065E9F-CF80-41D1-9724-DA8F18C14EF2}.Debug|iPhoneSimulator.ActiveCfg = Debug|Any CPU
		{73065E9F-CF80-41D1-9724-DA8F18C14EF2}.Debug|iPhoneSimulator.Build.0 = Debug|Any CPU
		{73065E9F-CF80-41D1-9724-DA8F18C14EF2}.Release|Any CPU.ActiveCfg = Release|Any CPU
		{73065E9F-CF80-41D1-9724-DA8F18C14EF2}.Release|Any CPU.Build.0 = Release|Any CPU
		{73065E9F-CF80-41D1-9724-DA8F18C14EF2}.Release|iPhone.ActiveCfg = Release|Any CPU
		{73065E9F-CF80-41D1-9724-DA8F18C14EF2}.Release|iPhone.Build.0 = Release|Any CPU
		{73065E9F-CF80-41D1-9724-DA8F18C14EF2}.Release|iPhoneSimulator.ActiveCfg = Release|Any CPU
		{73065E9F-CF80-41D1-9724-DA8F18C14EF2}.Release|iPhoneSimulator.Build.0 = Release|Any CPU
	EndGlobalSection
	GlobalSection(SolutionProperties) = preSolution
		HideSolutionNode = FALSE
	EndGlobalSection
	GlobalSection(ExtensibilityGlobals) = postSolution
		SolutionGuid = {DE7255C3-AD52-4C9B-A69A-6F43977E8DAA}
	EndGlobalSection
EndGlobal
